{
    "name": "web-display-tools",
    "version": "1.0.1",
    "lockfileVersion": 3,
    "requires": true,
    "packages": {
        "": {
            "name": "web-display-tools",
            "version": "1.0.1",
            "license": "MIT",
            "devDependencies": {
                "prettier": "^3.8.1",
                "yaml": "^2.9.0"
            }
        },
        "node_modules/prettier": {
            "version": "3.8.1",
            "resolved": "https://registry.npmjs.org/prettier/-/prettier-3.8.1.tgz",
            "integrity": "sha512-UOnG6LftzbdaHZcKoPFtOcCKztrQ57WkHDeRD9t/PTQtmT0NHSeWWepj6pS0z/N7+08BHFDQVUrfmfMRcZwbMg==",
            "dev": true,
            "license": "MIT",
            "bin": {
                "prettier": "bin/prettier.cjs"
            },
            "engines": {
                "node": ">=14"
            },
            "funding": {
                "url": "https://github.com/prettier/prettier?sponsor=1"
            }
        },
        "node_modules/yaml": {
            "version": "2.9.0",
            "resolved": "https://registry.npmjs.org/yaml/-/yaml-2.9.0.tgz",
            "integrity": "sha512-2AvhNX3mb8zd6Zy7INTtSpl1F15HW6Wnqj0srWlkKLcpYl/gMIMJiyuGq2KeI2YFxUPjdlB+3Lc10seMLtL4cA==",
            "dev": true,
            "license": "ISC",
            "bin": {
                "yaml": "bin.mjs"
            },
            "engines": {
                "node": ">= 14.6"
            },
            "funding": {
                "url": "https://github.com/sponsors/eemeli"
            }
        }
    }
}
